
Microsoft Visual Studio Solution File, Format Version 12.00
# Visual Studio Version 17
VisualStudioVersion = 17.0.31903.59
MinimumVisualStudioVersion = 10.0.40219.1
Project("{FAE04EC0-301F-11D3-BF4B-00C04F79EFBC}") = "Ex01", "Ex01\Ex01.csproj", "{589A1184-04AD-45BB-9A77-9A6E1801C3E0}"
EndProject
Project("{FAE04EC0-301F-11D3-BF4B-00C04F79EFBC}") = "Ex02", "Ex02\Ex02.csproj", "{70682A89-A92A-43FE-A595-2CBC0E6124EB}"
EndProject
Project("{FAE04EC0-301F-11D3-BF4B-00C04F79EFBC}") = "Ex03", "Ex03\Ex03.csproj", "{E8A9AB0F-A159-4BBA-907A-B85318D78D48}"
EndProject
Project("{FAE04EC0-301F-11D3-BF4B-00C04F79EFBC}") = "Ex04", "Ex04\Ex04.csproj", "{AAF1CC4C-5E6C-4E95-BF28-4B39BA7D9BEC}"
EndProject
Project("{FAE04EC0-301F-11D3-BF4B-00C04F79EFBC}") = "Ex05", "Ex05\Ex05.csproj", "{8298E8F2-2712-4B55-B850-CCEEC6F5671C}"
EndProject
Project("{FAE04EC0-301F-11D3-BF4B-00C04F79EFBC}") = "Ex06", "Ex06\Ex06.csproj", "{12E82334-E733-435A-BB96-1973CC5C1BEF}"
EndProject
Project("{FAE04EC0-301F-11D3-BF4B-00C04F79EFBC}") = "Ex07", "Ex07\Ex07.csproj", "{45120F84-D0E8-4BE5-9496-BAC0BBA8C784}"
EndProject
Project("{FAE04EC0-301F-11D3-BF4B-00C04F79EFBC}") = "Ex08", "Ex08\Ex08.csproj", "{03AD2EE4-EC4E-4EC3-B411-65FAE11B2548}"
EndProject
Project("{FAE04EC0-301F-11D3-BF4B-00C04F79EFBC}") = "Ex09", "Ex09\Ex09.csproj", "{9815C661-70DB-4506-9EF4-E71747615FCC}"
EndProject
Project("{FAE04EC0-301F-11D3-BF4B-00C04F79EFBC}") = "Ex10", "Ex10\Ex10.csproj", "{6EA26E12-90A9-414E-8C86-249749EB0D3D}"
EndProject
Global
	GlobalSection(SolutionConfigurationPlatforms) = preSolution
		Debug|Any CPU = Debug|Any CPU
		Debug|x64 = Debug|x64
		Debug|x86 = Debug|x86
		Release|Any CPU = Release|Any CPU
		Release|x64 = Release|x64
		Release|x86 = Release|x86
	EndGlobalSection
	GlobalSection(ProjectConfigurationPlatforms) = postSolution
		{589A1184-04AD-45BB-9A77-9A6E1801C3E0}.Debug|Any CPU.ActiveCfg = Debug|Any CPU
		{589A1184-04AD-45BB-9A77-9A6E1801C3E0}.Debug|Any CPU.Build.0 = Debug|Any CPU
		{589A1184-04AD-45BB-9A77-9A6E1801C3E0}.Debug|x64.ActiveCfg = Debug|Any CPU
		{589A1184-04AD-45BB-9A77-9A6E1801C3E0}.Debug|x64.Build.0 = Debug|Any CPU
		{589A1184-04AD-45BB-9A77-9A6E1801C3E0}.Debug|x86.ActiveCfg = Debug|Any CPU
		{589A1184-04AD-45BB-9A77-9A6E1801C3E0}.Debug|x86.Build.0 = Debug|Any CPU
		{589A1184-04AD-45BB-9A77-9A6E1801C3E0}.Release|Any CPU.ActiveCfg = Release|Any CPU
		{589A1184-04AD-45BB-9A77-9A6E1801C3E0}.Release|Any CPU.Build.0 = Release|Any CPU
		{589A1184-04AD-45BB-9A77-9A6E1801C3E0}.Release|x64.ActiveCfg = Release|Any CPU
		{589A1184-04AD-45BB-9A77-9A6E1801C3E0}.Release|x64.Build.0 = Release|Any CPU
		{589A1184-04AD-45BB-9A77-9A6E1801C3E0}.Release|x86.ActiveCfg = Release|Any CPU
		{589A1184-04AD-45BB-9A77-9A6E1801C3E0}.Release|x86.Build.0 = Release|Any CPU
		{70682A89-A92A-43FE-A595-2CBC0E6124EB}.Debug|Any CPU.ActiveCfg = Debug|Any CPU
		{70682A89-A92A-43FE-A595-2CBC0E6124EB}.Debug|Any CPU.Build.0 = Debug|Any CPU
		{70682A89-A92A-43FE-A595-2CBC0E6124EB}.Debug|x64.ActiveCfg = Debug|Any CPU
		{70682A89-A92A-43FE-A595-2CBC0E6124EB}.Debug|x64.Build.0 = Debug|Any CPU
		{70682A89-A92A-43FE-A595-2CBC0E6124EB}.Debug|x86.ActiveCfg = Debug|Any CPU
		{70682A89-A92A-43FE-A595-2CBC0E6124EB}.Debug|x86.Build.0 = Debug|Any CPU
		{70682A89-A92A-43FE-A595-2CBC0E6124EB}.Release|Any CPU.ActiveCfg = Release|Any CPU
		{70682A89-A92A-43FE-A595-2CBC0E6124EB}.Release|Any CPU.Build.0 = Release|Any CPU
		{70682A89-A92A-43FE-A595-2CBC0E6124EB}.Release|x64.ActiveCfg = Release|Any CPU
		{70682A89-A92A-43FE-A595-2CBC0E6124EB}.Release|x64.Build.0 = Release|Any CPU
		{70682A89-A92A-43FE-A595-2CBC0E6124EB}.Release|x86.ActiveCfg = Release|Any CPU
		{70682A89-A92A-43FE-A595-2CBC0E6124EB}.Release|x86.Build.0 = Release|Any CPU
		{E8A9AB0F-A159-4BBA-907A-B85318D78D48}.Debug|Any CPU.ActiveCfg = Debug|Any CPU
		{E8A9AB0F-A159-4BBA-907A-B85318D78D48}.Debug|Any CPU.Build.0 = Debug|Any CPU
		{E8A9AB0F-A159-4BBA-907A-B85318D78D48}.Debug|x64.ActiveCfg = Debug|Any CPU
		{E8A9AB0F-A159-4BBA-907A-B85318D78D48}.Debug|x64.Build.0 = Debug|Any CPU
		{E8A9AB0F-A159-4BBA-907A-B85318D78D48}.Debug|x86.ActiveCfg = Debug|Any CPU
		{E8A9AB0F-A159-4BBA-907A-B85318D78D48}.Debug|x86.Build.0 = Debug|Any CPU
		{E8A9AB0F-A159-4BBA-907A-B85318D78D48}.Release|Any CPU.ActiveCfg = Release|Any CPU
		{E8A9AB0F-A159-4BBA-907A-B85318D78D48}.Release|Any CPU.Build.0 = Release|Any CPU
		{E8A9AB0F-A159-4BBA-907A-B85318D78D48}.Release|x64.ActiveCfg = Release|Any CPU
		{E8A9AB0F-A159-4BBA-907A-B85318D78D48}.Release|x64.Build.0 = Release|Any CPU
		{E8A9AB0F-A159-4BBA-907A-B85318D78D48}.Release|x86.ActiveCfg = Release|Any CPU
		{E8A9AB0F-A159-4BBA-907A-B85318D78D48}.Release|x86.Build.0 = Release|Any CPU
		{AAF1CC4C-5E6C-4E95-BF28-4B39BA7D9BEC}.Debug|Any CPU.ActiveCfg = Debug|Any CPU
		{AAF1CC4C-5E6C-4E95-BF28-4B39BA7D9BEC}.Debug|Any CPU.Build.0 = Debug|Any CPU
		{AAF1CC4C-5E6C-4E95-BF28-4B39BA7D9BEC}.Debug|x64.ActiveCfg = Debug|Any CPU
		{AAF1CC4C-5E6C-4E95-BF28-4B39BA7D9BEC}.Debug|x64.Build.0 = Debug|Any CPU
		{AAF1CC4C-5E6C-4E95-BF28-4B39BA7D9BEC}.Debug|x86.ActiveCfg = Debug|Any CPU
		{AAF1CC4C-5E6C-4E95-BF28-4B39BA7D9BEC}.Debug|x86.Build.0 = Debug|Any CPU
		{AAF1CC4C-5E6C-4E95-BF28-4B39BA7D9BEC}.Release|Any CPU.ActiveCfg = Release|Any CPU
		{AAF1CC4C-5E6C-4E95-BF28-4B39BA7D9BEC}.Release|Any CPU.Build.0 = Release|Any CPU
		{AAF1CC4C-5E6C-4E95-BF28-4B39BA7D9BEC}.Release|x64.ActiveCfg = Release|Any CPU
		{AAF1CC4C-5E6C-4E95-BF28-4B39BA7D9BEC}.Release|x64.Build.0 = Release|Any CPU
		{AAF1CC4C-5E6C-4E95-BF28-4B39BA7D9BEC}.Release|x86.ActiveCfg = Release|Any CPU
		{AAF1CC4C-5E6C-4E95-BF28-4B39BA7D9BEC}.Release|x86.Build.0 = Release|Any CPU
		{8298E8F2-2712-4B55-B850-CCEEC6F5671C}.Debug|Any CPU.ActiveCfg = Debug|Any CPU
		{8298E8F2-2712-4B55-B850-CCEEC6F5671C}.Debug|Any CPU.Build.0 = Debug|Any CPU
		{8298E8F2-2712-4B55-B850-CCEEC6F5671C}.Debug|x64.ActiveCfg = Debug|Any CPU
		{8298E8F2-2712-4B55-B850-CCEEC6F5671C}.Debug|x64.Build.0 = Debug|Any CPU
		{8298E8F2-2712-4B55-B850-CCEEC6F5671C}.Debug|x86.ActiveCfg = Debug|Any CPU
		{8298E8F2-2712-4B55-B850-CCEEC6F5671C}.Debug|x86.Build.0 = Debug|Any CPU
		{8298E8F2-2712-4B55-B850-CCEEC6F5671C}.Release|Any CPU.ActiveCfg = Release|Any CPU
		{8298E8F2-2712-4B55-B850-CCEEC6F5671C}.Release|Any CPU.Build.0 = Release|Any CPU
		{8298E8F2-2712-4B55-B850-CCEEC6F5671C}.Release|x64.ActiveCfg = Release|Any CPU
		{8298E8F2-2712-4B55-B850-CCEEC6F5671C}.Release|x64.Build.0 = Release|Any CPU
		{8298E8F2-2712-4B55-B850-CCEEC6F5671C}.Release|x86.ActiveCfg = Release|Any CPU
		{8298E8F2-2712-4B55-B850-CCEEC6F5671C}.Release|x86.Build.0 = Release|Any CPU
		{12E82334-E733-435A-BB96-1973CC5C1BEF}.Debug|Any CPU.ActiveCfg = Debug|Any CPU
		{12E82334-E733-435A-BB96-1973CC5C1BEF}.Debug|Any CPU.Build.0 = Debug|Any CPU
		{12E82334-E733-435A-BB96-1973CC5C1BEF}.Debug|x64.ActiveCfg = Debug|Any CPU
		{12E82334-E733-435A-BB96-1973CC5C1BEF}.Debug|x64.Build.0 = Debug|Any CPU
		{12E82334-E733-435A-BB96-1973CC5C1BEF}.Debug|x86.ActiveCfg = Debug|Any CPU
		{12E82334-E733-435A-BB96-1973CC5C1BEF}.Debug|x86.Build.0 = Debug|Any CPU
		{12E82334-E733-435A-BB96-1973CC5C1BEF}.Release|Any CPU.ActiveCfg = Release|Any CPU
		{12E82334-E733-435A-BB96-1973CC5C1BEF}.Release|Any CPU.Build.0 = Release|Any CPU
		{12E82334-E733-435A-BB96-1973CC5C1BEF}.Release|x64.ActiveCfg = Release|Any CPU
		{12E82334-E733-435A-BB96-1973CC5C1BEF}.Release|x64.Build.0 = Release|Any CPU
		{12E82334-E733-435A-BB96-1973CC5C1BEF}.Release|x86.ActiveCfg = Release|Any CPU
		{12E82334-E733-435A-BB96-1973CC5C1BEF}.Release|x86.Build.0 = Release|Any CPU
		{45120F84-D0E8-4BE5-9496-BAC0BBA8C784}.Debug|Any CPU.ActiveCfg = Debug|Any CPU
		{45120F84-D0E8-4BE5-9496-BAC0BBA8C784}.Debug|Any CPU.Build.0 = Debug|Any CPU
		{45120F84-D0E8-4BE5-9496-BAC0BBA8C784}.Debug|x64.ActiveCfg = Debug|Any CPU
		{45120F84-D0E8-4BE5-9496-BAC0BBA8C784}.Debug|x64.Build.0 = Debug|Any CPU
		{45120F84-D0E8-4BE5-9496-BAC0BBA8C784}.Debug|x86.ActiveCfg = Debug|Any CPU
		{45120F84-D0E8-4BE5-9496-BAC0BBA8C784}.Debug|x86.Build.0 = Debug|Any CPU
		{45120F84-D0E8-4BE5-9496-BAC0BBA8C784}.Release|Any CPU.ActiveCfg = Release|Any CPU
		{45120F84-D0E8-4BE5-9496-BAC0BBA8C784}.Release|Any CPU.Build.0 = Release|Any CPU
		{45120F84-D0E8-4BE5-9496-BAC0BBA8C784}.Release|x64.ActiveCfg = Release|Any CPU
		{45120F84-D0E8-4BE5-9496-BAC0BBA8C784}.Release|x64.Build.0 = Release|Any CPU
		{45120F84-D0E8-4BE5-9496-BAC0BBA8C784}.Release|x86.ActiveCfg = Release|Any CPU
		{45120F84-D0E8-4BE5-9496-BAC0BBA8C784}.Release|x86.Build.0 = Release|Any CPU
		{03AD2EE4-EC4E-4EC3-B411-65FAE11B2548}.Debug|Any CPU.ActiveCfg = Debug|Any CPU
		{03AD2EE4-EC4E-4EC3-B411-65FAE11B2548}.Debug|Any CPU.Build.0 = Debug|Any CPU
		{03AD2EE4-EC4E-4EC3-B411-65FAE11B2548}.Debug|x64.ActiveCfg = Debug|Any CPU
		{03AD2EE4-EC4E-4EC3-B411-65FAE11B2548}.Debug|x64.Build.0 = Debug|Any CPU
		{03AD2EE4-EC4E-4EC3-B411-65FAE11B2548}.Debug|x86.ActiveCfg = Debug|Any CPU
		{03AD2EE4-EC4E-4EC3-B411-65FAE11B2548}.Debug|x86.Build.0 = Debug|Any CPU
		{03AD2EE4-EC4E-4EC3-B411-65FAE11B2548}.Release|Any CPU.ActiveCfg = Release|Any CPU
		{03AD2EE4-EC4E-4EC3-B411-65FAE11B2548}.Release|Any CPU.Build.0 = Release|Any CPU
		{03AD2EE4-EC4E-4EC3-B411-65FAE11B2548}.Release|x64.ActiveCfg = Release|Any CPU
		{03AD2EE4-EC4E-4EC3-B411-65FAE11B2548}.Release|x64.Build.0 = Release|Any CPU
		{03AD2EE4-EC4E-4EC3-B411-65FAE11B2548}.Release|x86.ActiveCfg = Release|Any CPU
		{03AD2EE4-EC4E-4EC3-B411-65FAE11B2548}.Release|x86.Build.0 = Release|Any CPU
		{9815C661-70DB-4506-9EF4-E71747615FCC}.Debug|Any CPU.ActiveCfg = Debug|Any CPU
		{9815C661-70DB-4506-9EF4-E71747615FCC}.Debug|Any CPU.Build.0 = Debug|Any CPU
		{9815C661-70DB-4506-9EF4-E71747615FCC}.Debug|x64.ActiveCfg = Debug|Any CPU
		{9815C661-70DB-4506-9EF4-E71747615FCC}.Debug|x64.Build.0 = Debug|Any CPU
		{9815C661-70DB-4506-9EF4-E71747615FCC}.Debug|x86.ActiveCfg = Debug|Any CPU
		{9815C661-70DB-4506-9EF4-E71747615FCC}.Debug|x86.Build.0 = Debug|Any CPU
		{9815C661-70DB-4506-9EF4-E71747615FCC}.Release|Any CPU.ActiveCfg = Release|Any CPU
		{9815C661-70DB-4506-9EF4-E71747615FCC}.Release|Any CPU.Build.0 = Release|Any CPU
		{9815C661-70DB-4506-9EF4-E71747615FCC}.Release|x64.ActiveCfg = Release|Any CPU
		{9815C661-70DB-4506-9EF4-E71747615FCC}.Release|x64.Build.0 = Release|Any CPU
		{9815C661-70DB-4506-9EF4-E71747615FCC}.Release|x86.ActiveCfg = Release|Any CPU
		{9815C661-70DB-4506-9EF4-E71747615FCC}.Release|x86.Build.0 = Release|Any CPU
		{6EA26E12-90A9-414E-8C86-249749EB0D3D}.Debug|Any CPU.ActiveCfg = Debug|Any CPU
		{6EA26E12-90A9-414E-8C86-249749EB0D3D}.Debug|Any CPU.Build.0 = Debug|Any CPU
		{6EA26E12-90A9-414E-8C86-249749EB0D3D}.Debug|x64.ActiveCfg = Debug|Any CPU
		{6EA26E12-90A9-414E-8C86-249749EB0D3D}.Debug|x64.Build.0 = Debug|Any CPU
		{6EA26E12-90A9-414E-8C86-249749EB0D3D}.Debug|x86.ActiveCfg = Debug|Any CPU
		{6EA26E12-90A9-414E-8C86-249749EB0D3D}.Debug|x86.Build.0 = Debug|Any CPU
		{6EA26E12-90A9-414E-8C86-249749EB0D3D}.Release|Any CPU.ActiveCfg = Release|Any CPU
		{6EA26E12-90A9-414E-8C86-249749EB0D3D}.Release|Any CPU.Build.0 = Release|Any CPU
		{6EA26E12-90A9-414E-8C86-249749EB0D3D}.Release|x64.ActiveCfg = Release|Any CPU
		{6EA26E12-90A9-414E-8C86-249749EB0D3D}.Release|x64.Build.0 = Release|Any CPU
		{6EA26E12-90A9-414E-8C86-249749EB0D3D}.Release|x86.ActiveCfg = Release|Any CPU
		{6EA26E12-90A9-414E-8C86-249749EB0D3D}.Release|x86.Build.0 = Release|Any CPU
	EndGlobalSection
	GlobalSection(SolutionProperties) = preSolution
		HideSolutionNode = FALSE
	EndGlobalSection
EndGlobal
